
Microsoft Visual Studio Solution File, Format Version 12.00
# Visual Studio Version 17
VisualStudioVersion = 17.13.35919.96
MinimumVisualStudioVersion = 10.0.40219.1
Project("{2150E333-8FDC-42A3-9474-1A3956D46DE8}") = "Elementos de la solución", "Elementos de la solución", "{D107F4C8-89CC-BEA8-D3D7-CA6B7733353D}"
	ProjectSection(SolutionItems) = preProject
		.gitignore = .gitignore
	EndProjectSection
EndProject
Project("{FAE04EC0-301F-11D3-BF4B-00C04F79EFBC}") = "ApiRopa", "ApiRopa\ApiRopa.csproj", "{01FA6C49-2178-51C2-0743-D05A3DE1228E}"
EndProject
Project("{FAE04EC0-301F-11D3-BF4B-00C04F79EFBC}") = "BiblotecaClass", "BibliotecaClass\BiblotecaClass.csproj", "{5CD4EF2D-9FE6-86AF-06D5-D40241B93073}"
EndProject
Global
	GlobalSection(SolutionConfigurationPlatforms) = preSolution
		Debug|Any CPU = Debug|Any CPU
		Release|Any CPU = Release|Any CPU
	EndGlobalSection
	GlobalSection(ProjectConfigurationPlatforms) = postSolution
		{01FA6C49-2178-51C2-0743-D05A3DE1228E}.Debug|Any CPU.ActiveCfg = Debug|Any CPU
		{01FA6C49-2178-51C2-0743-D05A3DE1228E}.Debug|Any CPU.Build.0 = Debug|Any CPU
		{01FA6C49-2178-51C2-0743-D05A3DE1228E}.Release|Any CPU.ActiveCfg = Release|Any CPU
		{01FA6C49-2178-51C2-0743-D05A3DE1228E}.Release|Any CPU.Build.0 = Release|Any CPU
		{5CD4EF2D-9FE6-86AF-06D5-D40241B93073}.Debug|Any CPU.ActiveCfg = Debug|Any CPU
		{5CD4EF2D-9FE6-86AF-06D5-D40241B93073}.Debug|Any CPU.Build.0 = Debug|Any CPU
		{5CD4EF2D-9FE6-86AF-06D5-D40241B93073}.Release|Any CPU.ActiveCfg = Release|Any CPU
		{5CD4EF2D-9FE6-86AF-06D5-D40241B93073}.Release|Any CPU.Build.0 = Release|Any CPU
	EndGlobalSection
	GlobalSection(SolutionProperties) = preSolution
		HideSolutionNode = FALSE
	EndGlobalSection
	GlobalSection(ExtensibilityGlobals) = postSolution
		SolutionGuid = {5EF2EE86-67F7-4A72-A9BA-556AAAF9F6C7}
	EndGlobalSection
EndGlobal
